
Microsoft Visual Studio Solution File, Format Version 12.00
# Visual Studio Version 17
VisualStudioVersion = 17.4.33110.190
MinimumVisualStudioVersion = 10.0.40219.1
Project("{2150E333-8FDC-42A3-9474-1A3956D46DE8}") = "src", "src", "{DCBACCAA-B5BA-43B4-90AB-676E53C3DBA0}"
EndProject
Project("{2150E333-8FDC-42A3-9474-1A3956D46DE8}") = "presentation", "presentation", "{FF4530F0-55B5-4169-AFC5-4F7EA5B96AAE}"
EndProject
Project("{2150E333-8FDC-42A3-9474-1A3956D46DE8}") = "api", "api", "{8F795C3B-0A56-4084-A28A-6065BC7F779B}"
EndProject
Project("{2150E333-8FDC-42A3-9474-1A3956D46DE8}") = "core", "core", "{6C0CABA0-581F-4804-ACE9-16AE9AFB76CD}"
EndProject
Project("{2150E333-8FDC-42A3-9474-1A3956D46DE8}") = "infrastructure", "infrastructure", "{FE5FA02E-74AC-4058-84E4-A565B7191DA9}"
EndProject
Project("{9A19103F-16F7-4668-BE54-9A1E7A4F7556}") = "Domain", "Domain\Domain.csproj", "{9315455E-AB60-4BBE-9883-EAF969E74BBD}"
EndProject
Project("{9A19103F-16F7-4668-BE54-9A1E7A4F7556}") = "Application", "Application\Application.csproj", "{A9B648BB-14B3-429A-B991-D94F9CEC94B5}"
EndProject
Project("{9A19103F-16F7-4668-BE54-9A1E7A4F7556}") = "Persistence", "Persistence\Persistence.csproj", "{F8B406E4-7E4B-4CC7-B851-FA00BB13F67B}"
EndProject
Project("{9A19103F-16F7-4668-BE54-9A1E7A4F7556}") = "Client", "Client\Client.csproj", "{AF16510C-063A-4914-9421-6D6781B50EF6}"
EndProject
Project("{9A19103F-16F7-4668-BE54-9A1E7A4F7556}") = "WebApi", "WebApi\WebApi.csproj", "{403A1D45-9C82-4FFD-BE9F-6417740585A5}"
EndProject
Global
	GlobalSection(SolutionConfigurationPlatforms) = preSolution
		Debug|Any CPU = Debug|Any CPU
		Release|Any CPU = Release|Any CPU
	EndGlobalSection
	GlobalSection(ProjectConfigurationPlatforms) = postSolution
		{9315455E-AB60-4BBE-9883-EAF969E74BBD}.Debug|Any CPU.ActiveCfg = Debug|Any CPU
		{9315455E-AB60-4BBE-9883-EAF969E74BBD}.Debug|Any CPU.Build.0 = Debug|Any CPU
		{9315455E-AB60-4BBE-9883-EAF969E74BBD}.Release|Any CPU.ActiveCfg = Release|Any CPU
		{9315455E-AB60-4BBE-9883-EAF969E74BBD}.Release|Any CPU.Build.0 = Release|Any CPU
		{A9B648BB-14B3-429A-B991-D94F9CEC94B5}.Debug|Any CPU.ActiveCfg = Debug|Any CPU
		{A9B648BB-14B3-429A-B991-D94F9CEC94B5}.Debug|Any CPU.Build.0 = Debug|Any CPU
		{A9B648BB-14B3-429A-B991-D94F9CEC94B5}.Release|Any CPU.ActiveCfg = Release|Any CPU
		{A9B648BB-14B3-429A-B991-D94F9CEC94B5}.Release|Any CPU.Build.0 = Release|Any CPU
		{F8B406E4-7E4B-4CC7-B851-FA00BB13F67B}.Debug|Any CPU.ActiveCfg = Debug|Any CPU
		{F8B406E4-7E4B-4CC7-B851-FA00BB13F67B}.Debug|Any CPU.Build.0 = Debug|Any CPU
		{F8B406E4-7E4B-4CC7-B851-FA00BB13F67B}.Release|Any CPU.ActiveCfg = Release|Any CPU
		{F8B406E4-7E4B-4CC7-B851-FA00BB13F67B}.Release|Any CPU.Build.0 = Release|Any CPU
		{AF16510C-063A-4914-9421-6D6781B50EF6}.Debug|Any CPU.ActiveCfg = Debug|Any CPU
		{AF16510C-063A-4914-9421-6D6781B50EF6}.Debug|Any CPU.Build.0 = Debug|Any CPU
		{AF16510C-063A-4914-9421-6D6781B50EF6}.Release|Any CPU.ActiveCfg = Release|Any CPU
		{AF16510C-063A-4914-9421-6D6781B50EF6}.Release|Any CPU.Build.0 = Release|Any CPU
		{403A1D45-9C82-4FFD-BE9F-6417740585A5}.Debug|Any CPU.ActiveCfg = Debug|Any CPU
		{403A1D45-9C82-4FFD-BE9F-6417740585A5}.Debug|Any CPU.Build.0 = Debug|Any CPU
		{403A1D45-9C82-4FFD-BE9F-6417740585A5}.Release|Any CPU.ActiveCfg = Release|Any CPU
		{403A1D45-9C82-4FFD-BE9F-6417740585A5}.Release|Any CPU.Build.0 = Release|Any CPU
	EndGlobalSection
	GlobalSection(SolutionProperties) = preSolution
		HideSolutionNode = FALSE
	EndGlobalSection
	GlobalSection(NestedProjects) = preSolution
		{FF4530F0-55B5-4169-AFC5-4F7EA5B96AAE} = {DCBACCAA-B5BA-43B4-90AB-676E53C3DBA0}
		{8F795C3B-0A56-4084-A28A-6065BC7F779B} = {DCBACCAA-B5BA-43B4-90AB-676E53C3DBA0}
		{6C0CABA0-581F-4804-ACE9-16AE9AFB76CD} = {DCBACCAA-B5BA-43B4-90AB-676E53C3DBA0}
		{FE5FA02E-74AC-4058-84E4-A565B7191DA9} = {DCBACCAA-B5BA-43B4-90AB-676E53C3DBA0}
		{9315455E-AB60-4BBE-9883-EAF969E74BBD} = {FE5FA02E-74AC-4058-84E4-A565B7191DA9}
		{A9B648BB-14B3-429A-B991-D94F9CEC94B5} = {6C0CABA0-581F-4804-ACE9-16AE9AFB76CD}
		{F8B406E4-7E4B-4CC7-B851-FA00BB13F67B} = {FE5FA02E-74AC-4058-84E4-A565B7191DA9}
		{AF16510C-063A-4914-9421-6D6781B50EF6} = {FF4530F0-55B5-4169-AFC5-4F7EA5B96AAE}
		{403A1D45-9C82-4FFD-BE9F-6417740585A5} = {8F795C3B-0A56-4084-A28A-6065BC7F779B}
	EndGlobalSection
	GlobalSection(ExtensibilityGlobals) = postSolution
		SolutionGuid = {37B8DFB7-1F76-4BF2-8C9D-9EC18276DBB0}
	EndGlobalSection
EndGlobal
